
Microsoft Visual Studio Solution File, Format Version 12.00
# Visual Studio Version 16
VisualStudioVersion = 16.0.31624.102
MinimumVisualStudioVersion = 10.0.40219.1
Project("{FAE04EC0-301F-11D3-BF4B-00C04F79EFBC}") = "ConsoleApp", "ConsoleApp\ConsoleApp.csproj", "{2C33CE2B-5935-4665-B1D2-D5C04607ACE2}"
EndProject
Project("{FAE04EC0-301F-11D3-BF4B-00C04F79EFBC}") = "UnitTestProject", "UnitTestProject\UnitTestProject.csproj", "{1DE31C6D-D510-4771-9EB9-C78956A6B973}"
EndProject
Global
	GlobalSection(SolutionConfigurationPlatforms) = preSolution
		Debug|Any CPU = Debug|Any CPU
		Release|Any CPU = Release|Any CPU
	EndGlobalSection
	GlobalSection(ProjectConfigurationPlatforms) = postSolution
		{2C33CE2B-5935-4665-B1D2-D5C04607ACE2}.Debug|Any CPU.ActiveCfg = Debug|Any CPU
		{2C33CE2B-5935-4665-B1D2-D5C04607ACE2}.Debug|Any CPU.Build.0 = Debug|Any CPU
		{2C33CE2B-5935-4665-B1D2-D5C04607ACE2}.Release|Any CPU.ActiveCfg = Release|Any CPU
		{2C33CE2B-5935-4665-B1D2-D5C04607ACE2}.Release|Any CPU.Build.0 = Release|Any CPU
		{1DE31C6D-D510-4771-9EB9-C78956A6B973}.Debug|Any CPU.ActiveCfg = Debug|Any CPU
		{1DE31C6D-D510-4771-9EB9-C78956A6B973}.Debug|Any CPU.Build.0 = Debug|Any CPU
		{1DE31C6D-D510-4771-9EB9-C78956A6B973}.Release|Any CPU.ActiveCfg = Release|Any CPU
		{1DE31C6D-D510-4771-9EB9-C78956A6B973}.Release|Any CPU.Build.0 = Release|Any CPU
	EndGlobalSection
	GlobalSection(SolutionProperties) = preSolution
		HideSolutionNode = FALSE
	EndGlobalSection
	GlobalSection(ExtensibilityGlobals) = postSolution
		SolutionGuid = {25C5617F-3AD0-4939-8BD0-7B21C4B7D167}
	EndGlobalSection
EndGlobal
